
Microsoft Visual Studio Solution File, Format Version 12.00
# Visual Studio Version 17
VisualStudioVersion = 17.4.33403.182
MinimumVisualStudioVersion = 10.0.40219.1
Project("{FAE04EC0-301F-11D3-BF4B-00C04F79EFBC}") = "DXOutlook365Sync", "DXOutlook365Sync\DXOutlook365Sync.csproj", "{5263C7CA-3FFF-47BD-868B-3290F4A9808E}"
EndProject
Global
	GlobalSection(SolutionConfigurationPlatforms) = preSolution
		Debug|Any CPU = Debug|Any CPU
		Release|Any CPU = Release|Any CPU
	EndGlobalSection
	GlobalSection(ProjectConfigurationPlatforms) = postSolution
		{5263C7CA-3FFF-47BD-868B-3290F4A9808E}.Debug|Any CPU.ActiveCfg = Debug|Any CPU
		{5263C7CA-3FFF-47BD-868B-3290F4A9808E}.Debug|Any CPU.Build.0 = Debug|Any CPU
		{5263C7CA-3FFF-47BD-868B-3290F4A9808E}.Release|Any CPU.ActiveCfg = Release|Any CPU
		{5263C7CA-3FFF-47BD-868B-3290F4A9808E}.Release|Any CPU.Build.0 = Release|Any CPU
	EndGlobalSection
	GlobalSection(SolutionProperties) = preSolution
		HideSolutionNode = FALSE
	EndGlobalSection
	GlobalSection(ExtensibilityGlobals) = postSolution
		SolutionGuid = {7BC5EBB9-76E6-4EB6-A0F7-EBB0195E76BA}
	EndGlobalSection
EndGlobal
